
Microsoft Visual Studio Solution File, Format Version 12.00
# Visual Studio Version 17
VisualStudioVersion = 17.9.34728.123
MinimumVisualStudioVersion = 10.0.40219.1
Project("{9A19103F-16F7-4668-BE54-9A1E7A4F7556}") = "ProtobufInfluxDbLineProtocolFormatter", "src\ProtobufInfluxDbLineProtocolFormatter\ProtobufInfluxDbLineProtocolFormatter.csproj", "{42678DC1-6900-43C0-9F95-4B59D5B890C2}"
EndProject
Project("{FAE04EC0-301F-11D3-BF4B-00C04F79EFBC}") = "ProtobufInfluxDbLineProtocolFormatter.Tests", "test\ProtobufInfluxDbLineProtocolFormatter.Tests\ProtobufInfluxDbLineProtocolFormatter.Tests.csproj", "{2C42C970-8704-43A1-9D3D-6EBC5CC61B99}"
EndProject
Global
	GlobalSection(SolutionConfigurationPlatforms) = preSolution
		Debug|Any CPU = Debug|Any CPU
		Release|Any CPU = Release|Any CPU
	EndGlobalSection
	GlobalSection(ProjectConfigurationPlatforms) = postSolution
		{42678DC1-6900-43C0-9F95-4B59D5B890C2}.Debug|Any CPU.ActiveCfg = Debug|Any CPU
		{42678DC1-6900-43C0-9F95-4B59D5B890C2}.Debug|Any CPU.Build.0 = Debug|Any CPU
		{42678DC1-6900-43C0-9F95-4B59D5B890C2}.Release|Any CPU.ActiveCfg = Release|Any CPU
		{42678DC1-6900-43C0-9F95-4B59D5B890C2}.Release|Any CPU.Build.0 = Release|Any CPU
		{2C42C970-8704-43A1-9D3D-6EBC5CC61B99}.Debug|Any CPU.ActiveCfg = Debug|Any CPU
		{2C42C970-8704-43A1-9D3D-6EBC5CC61B99}.Debug|Any CPU.Build.0 = Debug|Any CPU
		{2C42C970-8704-43A1-9D3D-6EBC5CC61B99}.Release|Any CPU.ActiveCfg = Release|Any CPU
		{2C42C970-8704-43A1-9D3D-6EBC5CC61B99}.Release|Any CPU.Build.0 = Release|Any CPU
	EndGlobalSection
	GlobalSection(SolutionProperties) = preSolution
		HideSolutionNode = FALSE
	EndGlobalSection
	GlobalSection(ExtensibilityGlobals) = postSolution
		SolutionGuid = {DF795F1A-FCA7-4A00-ABD1-8F19F1310451}
	EndGlobalSection
EndGlobal
